
Microsoft Visual Studio Solution File, Format Version 12.00
# Visual Studio Version 16
VisualStudioVersion = 16.0.32602.291
MinimumVisualStudioVersion = 10.0.40219.1
Project("{FAE04EC0-301F-11D3-BF4B-00C04F79EFBC}") = "AthenticationMVC", "AthenticationMVC\AthenticationMVC.csproj", "{9ACCBA37-4801-42E8-8D23-DC942B701B21}"
EndProject
Global
	GlobalSection(SolutionConfigurationPlatforms) = preSolution
		Debug|Any CPU = Debug|Any CPU
		Release|Any CPU = Release|Any CPU
	EndGlobalSection
	GlobalSection(ProjectConfigurationPlatforms) = postSolution
		{9ACCBA37-4801-42E8-8D23-DC942B701B21}.Debug|Any CPU.ActiveCfg = Debug|Any CPU
		{9ACCBA37-4801-42E8-8D23-DC942B701B21}.Debug|Any CPU.Build.0 = Debug|Any CPU
		{9ACCBA37-4801-42E8-8D23-DC942B701B21}.Release|Any CPU.ActiveCfg = Release|Any CPU
		{9ACCBA37-4801-42E8-8D23-DC942B701B21}.Release|Any CPU.Build.0 = Release|Any CPU
	EndGlobalSection
	GlobalSection(SolutionProperties) = preSolution
		HideSolutionNode = FALSE
	EndGlobalSection
	GlobalSection(ExtensibilityGlobals) = postSolution
		SolutionGuid = {4106F0D3-AC66-4BF0-8272-8D2053758A8E}
	EndGlobalSection
EndGlobal
